
Microsoft Visual Studio Solution File, Format Version 12.00
# Visual Studio Version 16
VisualStudioVersion = 16.0.30413.136
MinimumVisualStudioVersion = 10.0.40219.1
Project("{FAE04EC0-301F-11D3-BF4B-00C04F79EFBC}") = "DependencyPropertyExercise", "DependencyPropertyExercise\DependencyPropertyExercise.csproj", "{5ADE2475-17F0-4FE5-878D-A9E7A4E4976A}"
EndProject
Global
	GlobalSection(SolutionConfigurationPlatforms) = preSolution
		Debug|Any CPU = Debug|Any CPU
		Release|Any CPU = Release|Any CPU
	EndGlobalSection
	GlobalSection(ProjectConfigurationPlatforms) = postSolution
		{5ADE2475-17F0-4FE5-878D-A9E7A4E4976A}.Debug|Any CPU.ActiveCfg = Debug|Any CPU
		{5ADE2475-17F0-4FE5-878D-A9E7A4E4976A}.Debug|Any CPU.Build.0 = Debug|Any CPU
		{5ADE2475-17F0-4FE5-878D-A9E7A4E4976A}.Release|Any CPU.ActiveCfg = Release|Any CPU
		{5ADE2475-17F0-4FE5-878D-A9E7A4E4976A}.Release|Any CPU.Build.0 = Release|Any CPU
	EndGlobalSection
	GlobalSection(SolutionProperties) = preSolution
		HideSolutionNode = FALSE
	EndGlobalSection
	GlobalSection(ExtensibilityGlobals) = postSolution
		SolutionGuid = {6F9B7F42-A7F3-4510-8643-83C6EAE60C20}
	EndGlobalSection
EndGlobal
